
Microsoft Visual Studio Solution File, Format Version 12.00
# Visual Studio Version 17
VisualStudioVersion = 17.0.31903.59
MinimumVisualStudioVersion = 10.0.40219.1
Project("{FAE04EC0-301F-11D3-BF4B-00C04F79EFBC}") = "ShiftsLoggerApi", "ShiftsLoggerApi\ShiftsLoggerApi.csproj", "{3A13C678-CDFD-4CFE-9575-49BBD0A66DE7}"
EndProject
Project("{FAE04EC0-301F-11D3-BF4B-00C04F79EFBC}") = "ShiftsLoggerClient", "ShiftsLoggerClient\ShiftsLoggerClient.csproj", "{D3944E91-9319-4D05-9591-41D864422665}"
EndProject
Global
	GlobalSection(SolutionConfigurationPlatforms) = preSolution
		Debug|Any CPU = Debug|Any CPU
		Release|Any CPU = Release|Any CPU
	EndGlobalSection
	GlobalSection(SolutionProperties) = preSolution
		HideSolutionNode = FALSE
	EndGlobalSection
	GlobalSection(ProjectConfigurationPlatforms) = postSolution
		{3A13C678-CDFD-4CFE-9575-49BBD0A66DE7}.Debug|Any CPU.ActiveCfg = Debug|Any CPU
		{3A13C678-CDFD-4CFE-9575-49BBD0A66DE7}.Debug|Any CPU.Build.0 = Debug|Any CPU
		{3A13C678-CDFD-4CFE-9575-49BBD0A66DE7}.Release|Any CPU.ActiveCfg = Release|Any CPU
		{3A13C678-CDFD-4CFE-9575-49BBD0A66DE7}.Release|Any CPU.Build.0 = Release|Any CPU
		{D3944E91-9319-4D05-9591-41D864422665}.Debug|Any CPU.ActiveCfg = Debug|Any CPU
		{D3944E91-9319-4D05-9591-41D864422665}.Debug|Any CPU.Build.0 = Debug|Any CPU
		{D3944E91-9319-4D05-9591-41D864422665}.Release|Any CPU.ActiveCfg = Release|Any CPU
		{D3944E91-9319-4D05-9591-41D864422665}.Release|Any CPU.Build.0 = Release|Any CPU
	EndGlobalSection
EndGlobal
